// !$*UTF8*$!
{
	archiveVersion = 1;
	classes = {
	};
	objectVersion = 46;
	objects = {

/* Begin PBXBuildFile section */
		BBFA06491DB25A010091F94B /* main.m in Sources */ = {isa = PBXBuildFile; fileRef = BBFA06481DB25A010091F94B /* main.m */; };
		BBFA064C1DB25A010091F94B /* AppDelegate.m in Sources */ = {isa = PBXBuildFile; fileRef = BBFA064B1DB25A010091F94B /* AppDelegate.m */; };
		BBFA064F1DB25A010091F94B /* ViewController.m in Sources */ = {isa = PBXBuildFile; fileRef = BBFA064E1DB25A010091F94B /* ViewController.m */; };
		BBFA06521DB25A010091F94B /* Main.storyboard in Resources */ = {isa = PBXBuildFile; fileRef = BBFA06501DB25A010091F94B /* Main.storyboard */; };
		BBFA06541DB25A010091F94B /* Assets.xcassets in Resources */ = {isa = PBXBuildFile; fileRef = BBFA06531DB25A010091F94B /* Assets.xcassets */; };
		BBFA06571DB25A010091F94B /* LaunchScreen.storyboard in Resources */ = {isa = PBXBuildFile; fileRef = BBFA06551DB25A010091F94B /* LaunchScreen.storyboard */; };
		BBFA06711DB25A270091F94B /* FlyController.m in Sources */ = {isa = PBXBuildFile; fileRef = BBFA06611DB25A270091F94B /* FlyController.m */; };
		BBFA06721DB25A270091F94B /* BGimage.jpg in Resources */ = {isa = PBXBuildFile; fileRef = BBFA06631DB25A270091F94B /* BGimage.jpg */; };
		BBFA06731DB25A270091F94B /* ic_assessment_white_24dp.png in Resources */ = {isa = PBXBuildFile; fileRef = BBFA06641DB25A270091F94B /* ic_assessment_white_24dp.png */; };
		BBFA06741DB25A270091F94B /* ic_folder_white_24dp.png in Resources */ = {isa = PBXBuildFile; fileRef = BBFA06651DB25A270091F94B /* ic_folder_white_24dp.png */; };
		BBFA06751DB25A270091F94B /* ic_info_grey600_18dp.png in Resources */ = {isa = PBXBuildFile; fileRef = BBFA06661DB25A270091F94B /* ic_info_grey600_18dp.png */; };
		BBFA06761DB25A270091F94B /* ic_send.png in Resources */ = {isa = PBXBuildFile; fileRef = BBFA06671DB25A270091F94B /* ic_send.png */; };
		BBFA06771DB25A270091F94B /* ic_smartphone_white_24dp.png in Resources */ = {isa = PBXBuildFile; fileRef = BBFA06681DB25A270091F94B /* ic_smartphone_white_24dp.png */; };
		BBFA06781DB25A270091F94B /* FlyCell.m in Sources */ = {isa = PBXBuildFile; fileRef = BBFA066B1DB25A270091F94B /* FlyCell.m */; };
		BBFA06791DB25A270091F94B /* FlyCell.xib in Resources */ = {isa = PBXBuildFile; fileRef = BBFA066C1DB25A270091F94B /* FlyCell.xib */; };
		BBFA067A1DB25A270091F94B /* FlyHeaderView.m in Sources */ = {isa = PBXBuildFile; fileRef = BBFA066E1DB25A270091F94B /* FlyHeaderView.m */; };
		BBFA067B1DB25A270091F94B /* FlyTableView.m in Sources */ = {isa = PBXBuildFile; fileRef = BBFA06701DB25A270091F94B /* FlyTableView.m */; };
		BBFA067D1DB25B2C0091F94B /* images-3.jpeg in Resources */ = {isa = PBXBuildFile; fileRef = BBFA067C1DB25B2C0091F94B /* images-3.jpeg */; };
/* End PBXBuildFile section */

/* Begin PBXFileReference section */
		BBFA06441DB25A010091F94B /* TableHeaderAnimation.app */ = {isa = PBXFileReference; explicitFileType = wrapper.application; includeInIndex = 0; path = TableHeaderAnimation.app; sourceTree = BUILT_PRODUCTS_DIR; };
		BBFA06481DB25A010091F94B /* main.m */ = {isa = PBXFileReference; lastKnownFileType = sourcecode.c.objc; path = main.m; sourceTree = "<group>"; };
		BBFA064A1DB25A010091F94B /* AppDelegate.h */ = {isa = PBXFileReference; lastKnownFileType = sourcecode.c.h; path = AppDelegate.h; sourceTree = "<group>"; };
		BBFA064B1DB25A010091F94B /* AppDelegate.m */ = {isa = PBXFileReference; lastKnownFileType = sourcecode.c.objc; path = AppDelegate.m; sourceTree = "<group>"; };
		BBFA064D1DB25A010091F94B /* ViewController.h */ = {isa = PBXFileReference; lastKnownFileType = sourcecode.c.h; path = ViewController.h; sourceTree = "<group>"; };
		BBFA064E1DB25A010091F94B /* ViewController.m */ = {isa = PBXFileReference; lastKnownFileType = sourcecode.c.objc; path = ViewController.m; sourceTree = "<group>"; };
		BBFA06511DB25A010091F94B /* Base */ = {isa = PBXFileReference; lastKnownFileType = file.storyboard; name = Base; path = Base.lproj/Main.storyboard; sourceTree = "<group>"; };
		BBFA06531DB25A010091F94B /* Assets.xcassets */ = {isa = PBXFileReference; lastKnownFileType = folder.assetcatalog; path = Assets.xcassets; sourceTree = "<group>"; };
		BBFA06561DB25A010091F94B /* Base */ = {isa = PBXFileReference; lastKnownFileType = file.storyboard; name = Base; path = Base.lproj/LaunchScreen.storyboard; sourceTree = "<group>"; };
		BBFA06581DB25A010091F94B /* Info.plist */ = {isa = PBXFileReference; lastKnownFileType = text.plist.xml; path = Info.plist; sourceTree = "<group>"; };
		BBFA06601DB25A270091F94B /* FlyController.h */ = {isa = PBXFileReference; fileEncoding = 4; lastKnownFileType = sourcecode.c.h; path = FlyController.h; sourceTree = "<group>"; };
		BBFA06611DB25A270091F94B /* FlyController.m */ = {isa = PBXFileReference; fileEncoding = 4; lastKnownFileType = sourcecode.c.objc; path = FlyController.m; sourceTree = "<group>"; };
		BBFA06631DB25A270091F94B /* BGimage.jpg */ = {isa = PBXFileReference; lastKnownFileType = image.jpeg; path = BGimage.jpg; sourceTree = "<group>"; };
		BBFA06641DB25A270091F94B /* ic_assessment_white_24dp.png */ = {isa = PBXFileReference; lastKnownFileType = image.png; path = ic_assessment_white_24dp.png; sourceTree = "<group>"; };
		BBFA06651DB25A270091F94B /* ic_folder_white_24dp.png */ = {isa = PBXFileReference; lastKnownFileType = image.png; path = ic_folder_white_24dp.png; sourceTree = "<group>"; };
		BBFA06661DB25A270091F94B /* ic_info_grey600_18dp.png */ = {isa = PBXFileReference; lastKnownFileType = image.png; path = ic_info_grey600_18dp.png; sourceTree = "<group>"; };
		BBFA06671DB25A270091F94B /* ic_send.png */ = {isa = PBXFileReference; lastKnownFileType = image.png; path = ic_send.png; sourceTree = "<group>"; };
		BBFA06681DB25A270091F94B /* ic_smartphone_white_24dp.png */ = {isa = PBXFileReference; lastKnownFileType = image.png; path = ic_smartphone_white_24dp.png; sourceTree = "<group>"; };
		BBFA066A1DB25A270091F94B /* FlyCell.h */ = {isa = PBXFileReference; fileEncoding = 4; lastKnownFileType = sourcecode.c.h; path = FlyCell.h; sourceTree = "<group>"; };
		BBFA066B1DB25A270091F94B /* FlyCell.m */ = {isa = PBXFileReference; fileEncoding = 4; lastKnownFileType = sourcecode.c.objc; path = FlyCell.m; sourceTree = "<group>"; };
		BBFA066C1DB25A270091F94B /* FlyCell.xib */ = {isa = PBXFileReference; fileEncoding = 4; lastKnownFileType = file.xib; path = FlyCell.xib; sourceTree = "<group>"; };
		BBFA066D1DB25A270091F94B /* FlyHeaderView.h */ = {isa = PBXFileReference; fileEncoding = 4; lastKnownFileType = sourcecode.c.h; path = FlyHeaderView.h; sourceTree = "<group>"; };
		BBFA066E1DB25A270091F94B /* FlyHeaderView.m */ = {isa = PBXFileReference; fileEncoding = 4; lastKnownFileType = sourcecode.c.objc; path = FlyHeaderView.m; sourceTree = "<group>"; };
		BBFA066F1DB25A270091F94B /* FlyTableView.h */ = {isa = PBXFileReference; fileEncoding = 4; lastKnownFileType = sourcecode.c.h; path = FlyTableView.h; sourceTree = "<group>"; };
		BBFA06701DB25A270091F94B /* FlyTableView.m */ = {isa = PBXFileReference; fileEncoding = 4; lastKnownFileType = sourcecode.c.objc; path = FlyTableView.m; sourceTree = "<group>"; };
		BBFA067C1DB25B2C0091F94B /* images-3.jpeg */ = {isa = PBXFileReference; lastKnownFileType = image.jpeg; path = "images-3.jpeg"; sourceTree = "<group>"; };
/* End PBXFileReference section */

/* Begin PBXFrameworksBuildPhase section */
		BBFA06411DB25A010091F94B /* Frameworks */ = {
			isa = PBXFrameworksBuildPhase;
			buildActionMask = 2147483647;
			files = (
			);
			runOnlyForDeploymentPostprocessing = 0;
		};
/* End PBXFrameworksBuildPhase section */

/* Begin PBXGroup section */
		BBFA063B1DB25A010091F94B = {
			isa = PBXGroup;
			children = (
				BBFA06461DB25A010091F94B /* TableHeaderAnimation */,
				BBFA06451DB25A010091F94B /* Products */,
			);
			sourceTree = "<group>";
		};
		BBFA06451DB25A010091F94B /* Products */ = {
			isa = PBXGroup;
			children = (
				BBFA06441DB25A010091F94B /* TableHeaderAnimation.app */,
			);
			name = Products;
			sourceTree = "<group>";
		};
		BBFA06461DB25A010091F94B /* TableHeaderAnimation */ = {
			isa = PBXGroup;
			children = (
				BBFA065E1DB25A270091F94B /* FlyViewController */,
				BBFA064A1DB25A010091F94B /* AppDelegate.h */,
				BBFA064B1DB25A010091F94B /* AppDelegate.m */,
				BBFA064D1DB25A010091F94B /* ViewController.h */,
				BBFA064E1DB25A010091F94B /* ViewController.m */,
				BBFA06501DB25A010091F94B /* Main.storyboard */,
				BBFA06531DB25A010091F94B /* Assets.xcassets */,
				BBFA06551DB25A010091F94B /* LaunchScreen.storyboard */,
				BBFA06581DB25A010091F94B /* Info.plist */,
				BBFA06471DB25A010091F94B /* Supporting Files */,
			);
			path = TableHeaderAnimation;
			sourceTree = "<group>";
		};
		BBFA06471DB25A010091F94B /* Supporting Files */ = {
			isa = PBXGroup;
			children = (
				BBFA06481DB25A010091F94B /* main.m */,
			);
			name = "Supporting Files";
			sourceTree = "<group>";
		};
		BBFA065E1DB25A270091F94B /* FlyViewController */ = {
			isa = PBXGroup;
			children = (
				BBFA065F1DB25A270091F94B /* Controller */,
				BBFA06621DB25A270091F94B /* Model */,
				BBFA06691DB25A270091F94B /* View */,
			);
			path = FlyViewController;
			sourceTree = "<group>";
		};
		BBFA065F1DB25A270091F94B /* Controller */ = {
			isa = PBXGroup;
			children = (
				BBFA06601DB25A270091F94B /* FlyController.h */,
				BBFA06611DB25A270091F94B /* FlyController.m */,
			);
			path = Controller;
			sourceTree = "<group>";
		};
		BBFA06621DB25A270091F94B /* Model */ = {
			isa = PBXGroup;
			children = (
				BBFA067C1DB25B2C0091F94B /* images-3.jpeg */,
				BBFA06631DB25A270091F94B /* BGimage.jpg */,
				BBFA06641DB25A270091F94B /* ic_assessment_white_24dp.png */,
				BBFA06651DB25A270091F94B /* ic_folder_white_24dp.png */,
				BBFA06661DB25A270091F94B /* ic_info_grey600_18dp.png */,
				BBFA06671DB25A270091F94B /* ic_send.png */,
				BBFA06681DB25A270091F94B /* ic_smartphone_white_24dp.png */,
			);
			path = Model;
			sourceTree = "<group>";
		};
		BBFA06691DB25A270091F94B /* View */ = {
			isa = PBXGroup;
			children = (
				BBFA066A1DB25A270091F94B /* FlyCell.h */,
				BBFA066B1DB25A270091F94B /* FlyCell.m */,
				BBFA066C1DB25A270091F94B /* FlyCell.xib */,
				BBFA066D1DB25A270091F94B /* FlyHeaderView.h */,
				BBFA066E1DB25A270091F94B /* FlyHeaderView.m */,
				BBFA066F1DB25A270091F94B /* FlyTableView.h */,
				BBFA06701DB25A270091F94B /* FlyTableView.m */,
			);
			path = View;
			sourceTree = "<group>";
		};
/* End PBXGroup section */

/* Begin PBXNativeTarget section */
		BBFA06431DB25A010091F94B /* TableHeaderAnimation */ = {
			isa = PBXNativeTarget;
			buildConfigurationList = BBFA065B1DB25A010091F94B /* Build configuration list for PBXNativeTarget "TableHeaderAnimation" */;
			buildPhases = (
				BBFA06401DB25A010091F94B /* Sources */,
				BBFA06411DB25A010091F94B /* Frameworks */,
				BBFA06421DB25A010091F94B /* Resources */,
			);
			buildRules = (
			);
			dependencies = (
			);
			name = TableHeaderAnimation;
			productName = TableHeaderAnimation;
			productReference = BBFA06441DB25A010091F94B /* TableHeaderAnimation.app */;
			productType = "com.apple.product-type.application";
		};
/* End PBXNativeTarget section */

/* Begin PBXProject section */
		BBFA063C1DB25A010091F94B /* Project object */ = {
			isa = PBXProject;
			attributes = {
				LastUpgradeCheck = 0730;
				ORGANIZATIONNAME = GJJUser;
				TargetAttributes = {
					BBFA06431DB25A010091F94B = {
						CreatedOnToolsVersion = 7.3.1;
					};
				};
			};
			buildConfigurationList = BBFA063F1DB25A010091F94B /* Build configuration list for PBXProject "TableHeaderAnimation" */;
			compatibilityVersion = "Xcode 3.2";
			developmentRegion = English;
			hasScannedForEncodings = 0;
			knownRegions = (
				en,
				Base,
			);
			mainGroup = BBFA063B1DB25A010091F94B;
			productRefGroup = BBFA06451DB25A010091F94B /* Products */;
			projectDirPath = "";
			projectRoot = "";
			targets = (
				BBFA06431DB25A010091F94B /* TableHeaderAnimation */,
			);
		};
/* End PBXProject section */

/* Begin PBXResourcesBuildPhase section */
		BBFA06421DB25A010091F94B /* Resources */ = {
			isa = PBXResourcesBuildPhase;
			buildActionMask = 2147483647;
			files = (
				BBFA06731DB25A270091F94B /* ic_assessment_white_24dp.png in Resources */,
				BBFA06571DB25A010091F94B /* LaunchScreen.storyboard in Resources */,
				BBFA06541DB25A010091F94B /* Assets.xcassets in Resources */,
				BBFA06761DB25A270091F94B /* ic_send.png in Resources */,
				BBFA06721DB25A270091F94B /* BGimage.jpg in Resources */,
				BBFA067D1DB25B2C0091F94B /* images-3.jpeg in Resources */,
				BBFA06771DB25A270091F94B /* ic_smartphone_white_24dp.png in Resources */,
				BBFA06521DB25A010091F94B /* Main.storyboard in Resources */,
				BBFA06791DB25A270091F94B /* FlyCell.xib in Resources */,
				BBFA06751DB25A270091F94B /* ic_info_grey600_18dp.png in Resources */,
				BBFA06741DB25A270091F94B /* ic_folder_white_24dp.png in Resources */,
			);
			runOnlyForDeploymentPostprocessing = 0;
		};
/* End PBXResourcesBuildPhase section */

/* Begin PBXSourcesBuildPhase section */
		BBFA06401DB25A010091F94B /* Sources */ = {
			isa = PBXSourcesBuildPhase;
			buildActionMask = 2147483647;
			files = (
				BBFA06781DB25A270091F94B /* FlyCell.m in Sources */,
				BBFA067B1DB25A270091F94B /* FlyTableView.m in Sources */,
				BBFA067A1DB25A270091F94B /* FlyHeaderView.m in Sources */,
				BBFA064F1DB25A010091F94B /* ViewController.m in Sources */,
				BBFA06711DB25A270091F94B /* FlyController.m in Sources */,
				BBFA064C1DB25A010091F94B /* AppDelegate.m in Sources */,
				BBFA06491DB25A010091F94B /* main.m in Sources */,
			);
			runOnlyForDeploymentPostprocessing = 0;
		};
/* End PBXSourcesBuildPhase section */

/* Begin PBXVariantGroup section */
		BBFA06501DB25A010091F94B /* Main.storyboard */ = {
			isa = PBXVariantGroup;
			children = (
				BBFA06511DB25A010091F94B /* Base */,
			);
			name = Main.storyboard;
			sourceTree = "<group>";
		};
		BBFA06551DB25A010091F94B /* LaunchScreen.storyboard */ = {
			isa = PBXVariantGroup;
			children = (
				BBFA06561DB25A010091F94B /* Base */,
			);
			name = LaunchScreen.storyboard;
			sourceTree = "<group>";
		};
/* End PBXVariantGroup section */

/* Begin XCBuildConfiguration section */
		BBFA06591DB25A010091F94B /* Debug */ = {
			isa = XCBuildConfiguration;
			buildSettings = {
				ALWAYS_SEARCH_USER_PATHS = NO;
				CLANG_ANALYZER_NONNULL = YES;
				CLANG_CXX_LANGUAGE_STANDARD = "gnu++0x";
				CLANG_CXX_LIBRARY = "libc++";
				CLANG_ENABLE_MODULES = YES;
				CLANG_ENABLE_OBJC_ARC = YES;
				CLANG_WARN_BOOL_CONVERSION = YES;
				CLANG_WARN_CONSTANT_CONVERSION = YES;
				CLANG_WARN_DIRECT_OBJC_ISA_USAGE = YES_ERROR;
				CLANG_WARN_EMPTY_BODY = YES;
				CLANG_WARN_ENUM_CONVERSION = YES;
				CLANG_WARN_INT_CONVERSION = YES;
				CLANG_WARN_OBJC_ROOT_CLASS = YES_ERROR;
				CLANG_WARN_UNREACHABLE_CODE = YES;
				CLANG_WARN__DUPLICATE_METHOD_MATCH = YES;
				"CODE_SIGN_IDENTITY[sdk=iphoneos*]" = "iPhone Developer";
				COPY_PHASE_STRIP = NO;
				DEBUG_INFORMATION_FORMAT = dwarf;
				ENABLE_STRICT_OBJC_MSGSEND = YES;
				ENABLE_TESTABILITY = YES;
				GCC_C_LANGUAGE_STANDARD = gnu99;
				GCC_DYNAMIC_NO_PIC = NO;
				GCC_NO_COMMON_BLOCKS = YES;
				GCC_OPTIMIZATION_LEVEL = 0;
				GCC_PREPROCESSOR_DEFINITIONS = (
					"DEBUG=1",
					"$(inherited)",
				);
				GCC_WARN_64_TO_32_BIT_CONVERSION = YES;
				GCC_WARN_ABOUT_RETURN_TYPE = YES_ERROR;
				GCC_WARN_UNDECLARED_SELECTOR = YES;
				GCC_WARN_UNINITIALIZED_AUTOS = YES_AGGRESSIVE;
				GCC_WARN_UNUSED_FUNCTION = YES;
				GCC_WARN_UNUSED_VARIABLE = YES;
				IPHONEOS_DEPLOYMENT_TARGET = 9.3;
				MTL_ENABLE_DEBUG_INFO = YES;
				ONLY_ACTIVE_ARCH = YES;
				SDKROOT = iphoneos;
				TARGETED_DEVICE_FAMILY = "1,2";
			};
			name = Debug;
		};
		BBFA065A1DB25A010091F94B /* Release */ = {
			isa = XCBuildConfiguration;
			buildSettings = {
				ALWAYS_SEARCH_USER_PATHS = NO;
				CLANG_ANALYZER_NONNULL = YES;
				CLANG_CXX_LANGUAGE_STANDARD = "gnu++0x";
				CLANG_CXX_LIBRARY = "libc++";
				CLANG_ENABLE_MODULES = YES;
				CLANG_ENABLE_OBJC_ARC = YES;
				CLANG_WARN_BOOL_CONVERSION = YES;
				CLANG_WARN_CONSTANT_CONVERSION = YES;
				CLANG_WARN_DIRECT_OBJC_ISA_USAGE = YES_ERROR;
				CLANG_WARN_EMPTY_BODY = YES;
				CLANG_WARN_ENUM_CONVERSION = YES;
				CLANG_WARN_INT_CONVERSION = YES;
				CLANG_WARN_OBJC_ROOT_CLASS = YES_ERROR;
				CLANG_WARN_UNREACHABLE_CODE = YES;
				CLANG_WARN__DUPLICATE_METHOD_MATCH = YES;
				"CODE_SIGN_IDENTITY[sdk=iphoneos*]" = "iPhone Developer";
				COPY_PHASE_STRIP = NO;
				DEBUG_INFORMATION_FORMAT = "dwarf-with-dsym";
				ENABLE_NS_ASSERTIONS = NO;
				ENABLE_STRICT_OBJC_MSGSEND = YES;
				GCC_C_LANGUAGE_STANDARD = gnu99;
				GCC_NO_COMMON_BLOCKS = YES;
				GCC_WARN_64_TO_32_BIT_CONVERSION = YES;
				GCC_WARN_ABOUT_RETURN_TYPE = YES_ERROR;
				GCC_WARN_UNDECLARED_SELECTOR = YES;
				GCC_WARN_UNINITIALIZED_AUTOS = YES_AGGRESSIVE;
				GCC_WARN_UNUSED_FUNCTION = YES;
				GCC_WARN_UNUSED_VARIABLE = YES;
				IPHONEOS_DEPLOYMENT_TARGET = 9.3;
				MTL_ENABLE_DEBUG_INFO = NO;
				SDKROOT = iphoneos;
				TARGETED_DEVICE_FAMILY = "1,2";
				VALIDATE_PRODUCT = YES;
			};
			name = Release;
		};
		BBFA065C1DB25A010091F94B /* Debug */ = {
			isa = XCBuildConfiguration;
			buildSettings = {
				ASSETCATALOG_COMPILER_APPICON_NAME = AppIcon;
				INFOPLIST_FILE = TableHeaderAnimation/Info.plist;
				IPHONEOS_DEPLOYMENT_TARGET = 7.1;
				LD_RUNPATH_SEARCH_PATHS = "$(inherited) @executable_path/Frameworks";
				PRODUCT_BUNDLE_IDENTIFIER = com.gjj.GJJUser.TableHeaderAnimation;
				PRODUCT_NAME = "$(TARGET_NAME)";
			};
			name = Debug;
		};
		BBFA065D1DB25A010091F94B /* Release */ = {
			isa = XCBuildConfiguration;
			buildSettings = {
				ASSETCATALOG_COMPILER_APPICON_NAME = AppIcon;
				INFOPLIST_FILE = TableHeaderAnimation/Info.plist;
				IPHONEOS_DEPLOYMENT_TARGET = 7.1;
				LD_RUNPATH_SEARCH_PATHS = "$(inherited) @executable_path/Frameworks";
				PRODUCT_BUNDLE_IDENTIFIER = com.gjj.GJJUser.TableHeaderAnimation;
				PRODUCT_NAME = "$(TARGET_NAME)";
			};
			name = Release;
		};
/* End XCBuildConfiguration section */

/* Begin XCConfigurationList section */
		BBFA063F1DB25A010091F94B /* Build configuration list for PBXProject "TableHeaderAnimation" */ = {
			isa = XCConfigurationList;
			buildConfigurations = (
				BBFA06591DB25A010091F94B /* Debug */,
				BBFA065A1DB25A010091F94B /* Release */,
			);
			defaultConfigurationIsVisible = 0;
			defaultConfigurationName = Release;
		};
		BBFA065B1DB25A010091F94B /* Build configuration list for PBXNativeTarget "TableHeaderAnimation" */ = {
			isa = XCConfigurationList;
			buildConfigurations = (
				BBFA065C1DB25A010091F94B /* Debug */,
				BBFA065D1DB25A010091F94B /* Release */,
			);
			defaultConfigurationIsVisible = 0;
		};
/* End XCConfigurationList section */
	};
	rootObject = BBFA063C1DB25A010091F94B /* Project object */;
}
